
Microsoft Visual Studio Solution File, Format Version 12.00
# Visual Studio Version 17
VisualStudioVersion = 17.5.33516.290
MinimumVisualStudioVersion = 10.0.40219.1
Project("{9A19103F-16F7-4668-BE54-9A1E7A4F7556}") = "App", "App\App.csproj", "{97F215CF-6541-4E99-AB35-3A836335335F}"
EndProject
Project("{FAE04EC0-301F-11D3-BF4B-00C04F79EFBC}") = "Tests", "Tests\Tests.csproj", "{0EB36E89-E13D-4DBF-8931-1E7B918CD34F}"
EndProject
Global
	GlobalSection(SolutionConfigurationPlatforms) = preSolution
		Debug|Any CPU = Debug|Any CPU
		Release|Any CPU = Release|Any CPU
	EndGlobalSection
	GlobalSection(ProjectConfigurationPlatforms) = postSolution
		{97F215CF-6541-4E99-AB35-3A836335335F}.Debug|Any CPU.ActiveCfg = Debug|Any CPU
		{97F215CF-6541-4E99-AB35-3A836335335F}.Debug|Any CPU.Build.0 = Debug|Any CPU
		{97F215CF-6541-4E99-AB35-3A836335335F}.Release|Any CPU.ActiveCfg = Release|Any CPU
		{97F215CF-6541-4E99-AB35-3A836335335F}.Release|Any CPU.Build.0 = Release|Any CPU
		{0EB36E89-E13D-4DBF-8931-1E7B918CD34F}.Debug|Any CPU.ActiveCfg = Debug|Any CPU
		{0EB36E89-E13D-4DBF-8931-1E7B918CD34F}.Debug|Any CPU.Build.0 = Debug|Any CPU
		{0EB36E89-E13D-4DBF-8931-1E7B918CD34F}.Release|Any CPU.ActiveCfg = Release|Any CPU
		{0EB36E89-E13D-4DBF-8931-1E7B918CD34F}.Release|Any CPU.Build.0 = Release|Any CPU
	EndGlobalSection
	GlobalSection(SolutionProperties) = preSolution
		HideSolutionNode = FALSE
	EndGlobalSection
	GlobalSection(ExtensibilityGlobals) = postSolution
		SolutionGuid = {0D43EA18-5D81-4A77-AE91-F13D5BE35755}
	EndGlobalSection
EndGlobal
